
Microsoft Visual Studio Solution File, Format Version 12.00
# Visual Studio Version 17
VisualStudioVersion = 17.0.31903.59
MinimumVisualStudioVersion = 10.0.40219.1
Project("{FAE04EC0-301F-11D3-BF4B-00C04F79EFBC}") = "Mockapala", "Mockapala\Mockapala.csproj", "{2B8167C8-BE4D-493B-AB74-CBEDB517CEAC}"
EndProject
Project("{FAE04EC0-301F-11D3-BF4B-00C04F79EFBC}") = "Mockapala.Tests", "Mockapala.Tests\Mockapala.Tests.csproj", "{3E097405-A8E6-4F18-9863-A6885DCE80F2}"
EndProject
Project("{FAE04EC0-301F-11D3-BF4B-00C04F79EFBC}") = "Mockapala.Benchmarks", "Mockapala.Benchmarks\Mockapala.Benchmarks.csproj", "{501AC66D-3F5A-47AA-9446-CD7A82DC0F28}"
EndProject
Project("{FAE04EC0-301F-11D3-BF4B-00C04F79EFBC}") = "Mockapala.Export.SqlBulkCopy", "Mockapala.Export.SqlBulkCopy\Mockapala.Export.SqlBulkCopy.csproj", "{533C5239-214E-4403-B508-58791C88B83F}"
EndProject
Project("{FAE04EC0-301F-11D3-BF4B-00C04F79EFBC}") = "Mockapala.Export.SqlBulkCopy.Tests", "Mockapala.Export.SqlBulkCopy.Tests\Mockapala.Export.SqlBulkCopy.Tests.csproj", "{4C9C3091-A504-44B0-B0D6-C7F043959689}"
EndProject
Project("{FAE04EC0-301F-11D3-BF4B-00C04F79EFBC}") = "Mockapala.Export.Sqlite", "Mockapala.Export.Sqlite\Mockapala.Export.Sqlite.csproj", "{F8337B38-F119-49C0-8911-F441405209C2}"
EndProject
Project("{FAE04EC0-301F-11D3-BF4B-00C04F79EFBC}") = "Mockapala.Export.Sqlite.Tests", "Mockapala.Export.Sqlite.Tests\Mockapala.Export.Sqlite.Tests.csproj", "{3B2F4B47-3A4E-4D45-B064-EDFB1D396029}"
EndProject
Global
	GlobalSection(SolutionConfigurationPlatforms) = preSolution
		Debug|Any CPU = Debug|Any CPU
		Debug|x64 = Debug|x64
		Debug|x86 = Debug|x86
		Release|Any CPU = Release|Any CPU
		Release|x64 = Release|x64
		Release|x86 = Release|x86
	EndGlobalSection
	GlobalSection(ProjectConfigurationPlatforms) = postSolution
		{2B8167C8-BE4D-493B-AB74-CBEDB517CEAC}.Debug|Any CPU.ActiveCfg = Debug|Any CPU
		{2B8167C8-BE4D-493B-AB74-CBEDB517CEAC}.Debug|Any CPU.Build.0 = Debug|Any CPU
		{2B8167C8-BE4D-493B-AB74-CBEDB517CEAC}.Debug|x64.ActiveCfg = Debug|Any CPU
		{2B8167C8-BE4D-493B-AB74-CBEDB517CEAC}.Debug|x64.Build.0 = Debug|Any CPU
		{2B8167C8-BE4D-493B-AB74-CBEDB517CEAC}.Debug|x86.ActiveCfg = Debug|Any CPU
		{2B8167C8-BE4D-493B-AB74-CBEDB517CEAC}.Debug|x86.Build.0 = Debug|Any CPU
		{2B8167C8-BE4D-493B-AB74-CBEDB517CEAC}.Release|Any CPU.ActiveCfg = Release|Any CPU
		{2B8167C8-BE4D-493B-AB74-CBEDB517CEAC}.Release|Any CPU.Build.0 = Release|Any CPU
		{2B8167C8-BE4D-493B-AB74-CBEDB517CEAC}.Release|x64.ActiveCfg = Release|Any CPU
		{2B8167C8-BE4D-493B-AB74-CBEDB517CEAC}.Release|x64.Build.0 = Release|Any CPU
		{2B8167C8-BE4D-493B-AB74-CBEDB517CEAC}.Release|x86.ActiveCfg = Release|Any CPU
		{2B8167C8-BE4D-493B-AB74-CBEDB517CEAC}.Release|x86.Build.0 = Release|Any CPU
		{3E097405-A8E6-4F18-9863-A6885DCE80F2}.Debug|Any CPU.ActiveCfg = Debug|Any CPU
		{3E097405-A8E6-4F18-9863-A6885DCE80F2}.Debug|Any CPU.Build.0 = Debug|Any CPU
		{3E097405-A8E6-4F18-9863-A6885DCE80F2}.Debug|x64.ActiveCfg = Debug|Any CPU
		{3E097405-A8E6-4F18-9863-A6885DCE80F2}.Debug|x64.Build.0 = Debug|Any CPU
		{3E097405-A8E6-4F18-9863-A6885DCE80F2}.Debug|x86.ActiveCfg = Debug|Any CPU
		{3E097405-A8E6-4F18-9863-A6885DCE80F2}.Debug|x86.Build.0 = Debug|Any CPU
		{3E097405-A8E6-4F18-9863-A6885DCE80F2}.Release|Any CPU.ActiveCfg = Release|Any CPU
		{3E097405-A8E6-4F18-9863-A6885DCE80F2}.Release|Any CPU.Build.0 = Release|Any CPU
		{3E097405-A8E6-4F18-9863-A6885DCE80F2}.Release|x64.ActiveCfg = Release|Any CPU
		{3E097405-A8E6-4F18-9863-A6885DCE80F2}.Release|x64.Build.0 = Release|Any CPU
		{3E097405-A8E6-4F18-9863-A6885DCE80F2}.Release|x86.ActiveCfg = Release|Any CPU
		{3E097405-A8E6-4F18-9863-A6885DCE80F2}.Release|x86.Build.0 = Release|Any CPU
		{501AC66D-3F5A-47AA-9446-CD7A82DC0F28}.Debug|Any CPU.ActiveCfg = Debug|Any CPU
		{501AC66D-3F5A-47AA-9446-CD7A82DC0F28}.Debug|Any CPU.Build.0 = Debug|Any CPU
		{501AC66D-3F5A-47AA-9446-CD7A82DC0F28}.Debug|x64.ActiveCfg = Debug|Any CPU
		{501AC66D-3F5A-47AA-9446-CD7A82DC0F28}.Debug|x64.Build.0 = Debug|Any CPU
		{501AC66D-3F5A-47AA-9446-CD7A82DC0F28}.Debug|x86.ActiveCfg = Debug|Any CPU
		{501AC66D-3F5A-47AA-9446-CD7A82DC0F28}.Debug|x86.Build.0 = Debug|Any CPU
		{501AC66D-3F5A-47AA-9446-CD7A82DC0F28}.Release|Any CPU.ActiveCfg = Release|Any CPU
		{501AC66D-3F5A-47AA-9446-CD7A82DC0F28}.Release|Any CPU.Build.0 = Release|Any CPU
		{501AC66D-3F5A-47AA-9446-CD7A82DC0F28}.Release|x64.ActiveCfg = Release|Any CPU
		{501AC66D-3F5A-47AA-9446-CD7A82DC0F28}.Release|x64.Build.0 = Release|Any CPU
		{501AC66D-3F5A-47AA-9446-CD7A82DC0F28}.Release|x86.ActiveCfg = Release|Any CPU
		{501AC66D-3F5A-47AA-9446-CD7A82DC0F28}.Release|x86.Build.0 = Release|Any CPU
		{533C5239-214E-4403-B508-58791C88B83F}.Debug|Any CPU.ActiveCfg = Debug|Any CPU
		{533C5239-214E-4403-B508-58791C88B83F}.Debug|Any CPU.Build.0 = Debug|Any CPU
		{533C5239-214E-4403-B508-58791C88B83F}.Debug|x64.ActiveCfg = Debug|Any CPU
		{533C5239-214E-4403-B508-58791C88B83F}.Debug|x64.Build.0 = Debug|Any CPU
		{533C5239-214E-4403-B508-58791C88B83F}.Debug|x86.ActiveCfg = Debug|Any CPU
		{533C5239-214E-4403-B508-58791C88B83F}.Debug|x86.Build.0 = Debug|Any CPU
		{533C5239-214E-4403-B508-58791C88B83F}.Release|Any CPU.ActiveCfg = Release|Any CPU
		{533C5239-214E-4403-B508-58791C88B83F}.Release|Any CPU.Build.0 = Release|Any CPU
		{533C5239-214E-4403-B508-58791C88B83F}.Release|x64.ActiveCfg = Release|Any CPU
		{533C5239-214E-4403-B508-58791C88B83F}.Release|x64.Build.0 = Release|Any CPU
		{533C5239-214E-4403-B508-58791C88B83F}.Release|x86.ActiveCfg = Release|Any CPU
		{533C5239-214E-4403-B508-58791C88B83F}.Release|x86.Build.0 = Release|Any CPU
		{4C9C3091-A504-44B0-B0D6-C7F043959689}.Debug|Any CPU.ActiveCfg = Debug|Any CPU
		{4C9C3091-A504-44B0-B0D6-C7F043959689}.Debug|Any CPU.Build.0 = Debug|Any CPU
		{4C9C3091-A504-44B0-B0D6-C7F043959689}.Debug|x64.ActiveCfg = Debug|Any CPU
		{4C9C3091-A504-44B0-B0D6-C7F043959689}.Debug|x64.Build.0 = Debug|Any CPU
		{4C9C3091-A504-44B0-B0D6-C7F043959689}.Debug|x86.ActiveCfg = Debug|Any CPU
		{4C9C3091-A504-44B0-B0D6-C7F043959689}.Debug|x86.Build.0 = Debug|Any CPU
		{4C9C3091-A504-44B0-B0D6-C7F043959689}.Release|Any CPU.ActiveCfg = Release|Any CPU
		{4C9C3091-A504-44B0-B0D6-C7F043959689}.Release|Any CPU.Build.0 = Release|Any CPU
		{4C9C3091-A504-44B0-B0D6-C7F043959689}.Release|x64.ActiveCfg = Release|Any CPU
		{4C9C3091-A504-44B0-B0D6-C7F043959689}.Release|x64.Build.0 = Release|Any CPU
		{4C9C3091-A504-44B0-B0D6-C7F043959689}.Release|x86.ActiveCfg = Release|Any CPU
		{4C9C3091-A504-44B0-B0D6-C7F043959689}.Release|x86.Build.0 = Release|Any CPU
		{F8337B38-F119-49C0-8911-F441405209C2}.Debug|Any CPU.ActiveCfg = Debug|Any CPU
		{F8337B38-F119-49C0-8911-F441405209C2}.Debug|Any CPU.Build.0 = Debug|Any CPU
		{F8337B38-F119-49C0-8911-F441405209C2}.Debug|x64.ActiveCfg = Debug|Any CPU
		{F8337B38-F119-49C0-8911-F441405209C2}.Debug|x64.Build.0 = Debug|Any CPU
		{F8337B38-F119-49C0-8911-F441405209C2}.Debug|x86.ActiveCfg = Debug|Any CPU
		{F8337B38-F119-49C0-8911-F441405209C2}.Debug|x86.Build.0 = Debug|Any CPU
		{F8337B38-F119-49C0-8911-F441405209C2}.Release|Any CPU.ActiveCfg = Release|Any CPU
		{F8337B38-F119-49C0-8911-F441405209C2}.Release|Any CPU.Build.0 = Release|Any CPU
		{F8337B38-F119-49C0-8911-F441405209C2}.Release|x64.ActiveCfg = Release|Any CPU
		{F8337B38-F119-49C0-8911-F441405209C2}.Release|x64.Build.0 = Release|Any CPU
		{F8337B38-F119-49C0-8911-F441405209C2}.Release|x86.ActiveCfg = Release|Any CPU
		{F8337B38-F119-49C0-8911-F441405209C2}.Release|x86.Build.0 = Release|Any CPU
		{3B2F4B47-3A4E-4D45-B064-EDFB1D396029}.Debug|Any CPU.ActiveCfg = Debug|Any CPU
		{3B2F4B47-3A4E-4D45-B064-EDFB1D396029}.Debug|Any CPU.Build.0 = Debug|Any CPU
		{3B2F4B47-3A4E-4D45-B064-EDFB1D396029}.Debug|x64.ActiveCfg = Debug|Any CPU
		{3B2F4B47-3A4E-4D45-B064-EDFB1D396029}.Debug|x64.Build.0 = Debug|Any CPU
		{3B2F4B47-3A4E-4D45-B064-EDFB1D396029}.Debug|x86.ActiveCfg = Debug|Any CPU
		{3B2F4B47-3A4E-4D45-B064-EDFB1D396029}.Debug|x86.Build.0 = Debug|Any CPU
		{3B2F4B47-3A4E-4D45-B064-EDFB1D396029}.Release|Any CPU.ActiveCfg = Release|Any CPU
		{3B2F4B47-3A4E-4D45-B064-EDFB1D396029}.Release|Any CPU.Build.0 = Release|Any CPU
		{3B2F4B47-3A4E-4D45-B064-EDFB1D396029}.Release|x64.ActiveCfg = Release|Any CPU
		{3B2F4B47-3A4E-4D45-B064-EDFB1D396029}.Release|x64.Build.0 = Release|Any CPU
		{3B2F4B47-3A4E-4D45-B064-EDFB1D396029}.Release|x86.ActiveCfg = Release|Any CPU
		{3B2F4B47-3A4E-4D45-B064-EDFB1D396029}.Release|x86.Build.0 = Release|Any CPU
	EndGlobalSection
	GlobalSection(SolutionProperties) = preSolution
		HideSolutionNode = FALSE
	EndGlobalSection
EndGlobal
